PODS:
  - EZLoadingActivity (1.01)
  - FittableFontLabel (3.0.0)
  - FSPagerView (0.8.3)
  - RxCocoa (5.1.1):
    - RxRelay (~> 5)
    - RxSwift (~> 5)
  - RxRelay (5.1.1):
    - RxSwift (~> 5)
  - RxSwift (5.1.1)
  - SCLAlertView (0.8)
  - SwiftyButton (0.8.2)
  - SwiftyUtils (5.2.0)

DEPENDENCIES:
  - EZLoadingActivity (from `https://github.com/mahen3d/EZLoadingActivity.git`, branch `master`)
  - FittableFontLabel
  - FSPagerView
  - RxCocoa
  - RxSwift
  - SCLAlertView
  - SwiftyButton
  - SwiftyUtils

SPEC REPOS:
  trunk:
    - FittableFontLabel
    - FSPagerView
    - RxCocoa
    - RxRelay
    - RxSwift
    - SCLAlertView
    - SwiftyButton
    - SwiftyUtils

EXTERNAL SOURCES:
  EZLoadingActivity:
    :branch: master
    :git: https://github.com/mahen3d/EZLoadingActivity.git

CHECKOUT OPTIONS:
  EZLoadingActivity:
    :commit: 0266c0c0472874dc85c4d76de7d262c17772e755
    :git: https://github.com/mahen3d/EZLoadingActivity.git

SPEC CHECKSUMS:
  EZLoadingActivity: edd7e387e5197b116ce2cccb3fd747ababc2a510
  FittableFontLabel: 34581be026d89c02eb7be992c163e705b586b86f
  FSPagerView: 670405b2f18e2a87fa37f20b00de783e562c25a8
  RxCocoa: 32065309a38d29b5b0db858819b5bf9ef038b601
  RxRelay: d77f7d771495f43c556cbc43eebd1bb54d01e8e9
  RxSwift: 81470a2074fa8780320ea5fe4102807cb7118178
  SCLAlertView: 6a77bb2edfc65e04dbe57725546cb4107a506b85
  SwiftyButton: 5b0ef314e9cf61cf8a83e456ddd1ea1f53f30598
  SwiftyUtils: 4c99e810e769063dbd5d4e83b486961a5d470aeb

PODFILE CHECKSUM: c2538cb779f79157cf9dcbbaed515e7a200f0326

COCOAPODS: 1.10.1
