// !$*UTF8*$!
{
	archiveVersion = 1;
	classes = {
	};
	objectVersion = 51;
	objects = {

/* Begin PBXBuildFile section */
		5A609AC425F46F8B00AAB972 /* PushySquaresModel.framework in Frameworks */ = {isa = PBXBuildFile; fileRef = 5A609ABB25F46F8B00AAB972 /* PushySquaresModel.framework */; };
		5A609ACB25F46F8B00AAB972 /* PushySquaresModelTests.swift in Sources */ = {isa = PBXBuildFile; fileRef = 5A609ACA25F46F8B00AAB972 /* PushySquaresModelTests.swift */; };
		5A609ACD25F46F8B00AAB972 /* PushySquaresModel.h in Headers */ = {isa = PBXBuildFile; fileRef = 5A609ABD25F46F8B00AAB972 /* PushySquaresModel.h */; settings = {ATTRIBUTES = (Public, ); }; };
		5A609AD025F46F8B00AAB972 /* PushySquaresModel.framework in Frameworks */ = {isa = PBXBuildFile; fileRef = 5A609ABB25F46F8B00AAB972 /* PushySquaresModel.framework */; };
		5A609AD125F46F8B00AAB972 /* PushySquaresModel.framework in Embed Frameworks */ = {isa = PBXBuildFile; fileRef = 5A609ABB25F46F8B00AAB972 /* PushySquaresModel.framework */; settings = {ATTRIBUTES = (CodeSignOnCopy, RemoveHeadersOnCopy, ); }; };
		5A609AEE25F4710600AAB972 /* MapTile.swift in Sources */ = {isa = PBXBuildFile; fileRef = 5A609AED25F4710600AAB972 /* MapTile.swift */; };
		5A609AF325F4714100AAB972 /* Color.swift in Sources */ = {isa = PBXBuildFile; fileRef = 5A609AF225F4714100AAB972 /* Color.swift */; };
		5A609AF825F4738D00AAB972 /* BoardState.swift in Sources */ = {isa = PBXBuildFile; fileRef = 5A609AF725F4738D00AAB972 /* BoardState.swift */; };
		5A609AFD25F473FF00AAB972 /* Array2D.swift in Sources */ = {isa = PBXBuildFile; fileRef = 5A609AFC25F473FF00AAB972 /* Array2D.swift */; };
		5A609B0225F4744700AAB972 /* Map.swift in Sources */ = {isa = PBXBuildFile; fileRef = 5A609B0125F4744700AAB972 /* Map.swift */; };
		5A609B1C25F47BEE00AAB972 /* Player.swift in Sources */ = {isa = PBXBuildFile; fileRef = 5A609B1B25F47BEE00AAB972 /* Player.swift */; };
		5A609B2425F47E5B00AAB972 /* Game.swift in Sources */ = {isa = PBXBuildFile; fileRef = 5A609B2325F47E5B00AAB972 /* Game.swift */; };
		5A609B2925F4810E00AAB972 /* Direction.swift in Sources */ = {isa = PBXBuildFile; fileRef = 5A609B2825F4810E00AAB972 /* Direction.swift */; };
		5AD4F43F25F34A7B00B500A9 /* AppDelegate.swift in Sources */ = {isa = PBXBuildFile; fileRef = 5AD4F43E25F34A7B00B500A9 /* AppDelegate.swift */; };
		5AD4F44125F34A7B00B500A9 /* SceneDelegate.swift in Sources */ = {isa = PBXBuildFile; fileRef = 5AD4F44025F34A7B00B500A9 /* SceneDelegate.swift */; };
		5AD4F44325F34A7B00B500A9 /* ViewController.swift in Sources */ = {isa = PBXBuildFile; fileRef = 5AD4F44225F34A7B00B500A9 /* ViewController.swift */; };
		5AD4F44625F34A7B00B500A9 /* Main.storyboard in Resources */ = {isa = PBXBuildFile; fileRef = 5AD4F44425F34A7B00B500A9 /* Main.storyboard */; };
		5AD4F44825F34A7D00B500A9 /* Assets.xcassets in Resources */ = {isa = PBXBuildFile; fileRef = 5AD4F44725F34A7D00B500A9 /* Assets.xcassets */; };
		5AD4F44B25F34A7D00B500A9 /* LaunchScreen.storyboard in Resources */ = {isa = PBXBuildFile; fileRef = 5AD4F44925F34A7D00B500A9 /* LaunchScreen.storyboard */; };
		5AD4F46125F34A7E00B500A9 /* PushySquaresUITests.swift in Sources */ = {isa = PBXBuildFile; fileRef = 5AD4F46025F34A7E00B500A9 /* PushySquaresUITests.swift */; };
		5EF7FF885880A176B51D40F8 /* Pods_PushySquares.framework in Frameworks */ = {isa = PBXBuildFile; fileRef = 7814AD654ECAC2FB7238E243 /* Pods_PushySquares.framework */; };
		C14C3474F295C0ACD18F65AA /* Pods_PushySquares_PushySquaresUITests.framework in Frameworks */ = {isa = PBXBuildFile; fileRef = CDE70F9027CE04B999A127AC /* Pods_PushySquares_PushySquaresUITests.framework */; };
/* End PBXBuildFile section */

/* Begin PBXContainerItemProxy section */
		5A609AC525F46F8B00AAB972 /* PBXContainerItemProxy */ = {
			isa = PBXContainerItemProxy;
			containerPortal = 5AD4F43325F34A7B00B500A9 /* Project object */;
			proxyType = 1;
			remoteGlobalIDString = 5A609ABA25F46F8B00AAB972;
			remoteInfo = PushySquaresModel;
		};
		5A609AC725F46F8B00AAB972 /* PBXContainerItemProxy */ = {
			isa = PBXContainerItemProxy;
			containerPortal = 5AD4F43325F34A7B00B500A9 /* Project object */;
			proxyType = 1;
			remoteGlobalIDString = 5AD4F43A25F34A7B00B500A9;
			remoteInfo = PushySquares;
		};
		5A609ACE25F46F8B00AAB972 /* PBXContainerItemProxy */ = {
			isa = PBXContainerItemProxy;
			containerPortal = 5AD4F43325F34A7B00B500A9 /* Project object */;
			proxyType = 1;
			remoteGlobalIDString = 5A609ABA25F46F8B00AAB972;
			remoteInfo = PushySquaresModel;
		};
		5AD4F45D25F34A7E00B500A9 /* PBXContainerItemProxy */ = {
			isa = PBXContainerItemProxy;
			containerPortal = 5AD4F43325F34A7B00B500A9 /* Project object */;
			proxyType = 1;
			remoteGlobalIDString = 5AD4F43A25F34A7B00B500A9;
			remoteInfo = PushySquares;
		};
/* End PBXContainerItemProxy section */

/* Begin PBXCopyFilesBuildPhase section */
		5A609AD225F46F8B00AAB972 /* Embed Frameworks */ = {
			isa = PBXCopyFilesBuildPhase;
			buildActionMask = 2147483647;
			dstPath = "";
			dstSubfolderSpec = 10;
			files = (
				5A609AD125F46F8B00AAB972 /* PushySquaresModel.framework in Embed Frameworks */,
			);
			name = "Embed Frameworks";
			runOnlyForDeploymentPostprocessing = 0;
		};
/* End PBXCopyFilesBuildPhase section */

/* Begin PBXFileReference section */
		5A609ABB25F46F8B00AAB972 /* PushySquaresModel.framework */ = {isa = PBXFileReference; explicitFileType = wrapper.framework; includeInIndex = 0; path = PushySquaresModel.framework; sourceTree = BUILT_PRODUCTS_DIR; };
		5A609ABD25F46F8B00AAB972 /* PushySquaresModel.h */ = {isa = PBXFileReference; lastKnownFileType = sourcecode.c.h; path = PushySquaresModel.h; sourceTree = "<group>"; };
		5A609ABE25F46F8B00AAB972 /* Info.plist */ = {isa = PBXFileReference; lastKnownFileType = text.plist.xml; path = Info.plist; sourceTree = "<group>"; };
		5A609AC325F46F8B00AAB972 /* PushySquaresModelTests.xctest */ = {isa = PBXFileReference; explicitFileType = wrapper.cfbundle; includeInIndex = 0; path = PushySquaresModelTests.xctest; sourceTree = BUILT_PRODUCTS_DIR; };
		5A609ACA25F46F8B00AAB972 /* PushySquaresModelTests.swift */ = {isa = PBXFileReference; lastKnownFileType = sourcecode.swift; path = PushySquaresModelTests.swift; sourceTree = "<group>"; };
		5A609ACC25F46F8B00AAB972 /* Info.plist */ = {isa = PBXFileReference; lastKnownFileType = text.plist.xml; path = Info.plist; sourceTree = "<group>"; };
		5A609AED25F4710600AAB972 /* MapTile.swift */ = {isa = PBXFileReference; lastKnownFileType = sourcecode.swift; path = MapTile.swift; sourceTree = "<group>"; };
		5A609AF225F4714100AAB972 /* Color.swift */ = {isa = PBXFileReference; lastKnownFileType = sourcecode.swift; path = Color.swift; sourceTree = "<group>"; };
		5A609AF725F4738D00AAB972 /* BoardState.swift */ = {isa = PBXFileReference; lastKnownFileType = sourcecode.swift; path = BoardState.swift; sourceTree = "<group>"; };
		5A609AFC25F473FF00AAB972 /* Array2D.swift */ = {isa = PBXFileReference; lastKnownFileType = sourcecode.swift; path = Array2D.swift; sourceTree = "<group>"; };
		5A609B0125F4744700AAB972 /* Map.swift */ = {isa = PBXFileReference; lastKnownFileType = sourcecode.swift; path = Map.swift; sourceTree = "<group>"; };
		5A609B0725F47B1800AAB972 /* cublex3.map */ = {isa = PBXFileReference; fileEncoding = 4; lastKnownFileType = "sourcecode.module-map"; path = cublex3.map; sourceTree = "<group>"; };
		5A609B0825F47B1800AAB972 /* cublex2.map */ = {isa = PBXFileReference; fileEncoding = 4; lastKnownFileType = "sourcecode.module-map"; path = cublex2.map; sourceTree = "<group>"; };
		5A609B0925F47B1800AAB972 /* slippery.map */ = {isa = PBXFileReference; fileEncoding = 4; lastKnownFileType = "sourcecode.module-map"; path = slippery.map; sourceTree = "<group>"; };
		5A609B0A25F47B1800AAB972 /* walls.map */ = {isa = PBXFileReference; fileEncoding = 4; lastKnownFileType = "sourcecode.module-map"; path = walls.map; sourceTree = "<group>"; };
		5A609B0B25F47B1800AAB972 /* cublex1.map */ = {isa = PBXFileReference; fileEncoding = 4; lastKnownFileType = "sourcecode.module-map"; path = cublex1.map; sourceTree = "<group>"; };
		5A609B0C25F47B1800AAB972 /* cublex5.map */ = {isa = PBXFileReference; fileEncoding = 4; lastKnownFileType = "sourcecode.module-map"; path = cublex5.map; sourceTree = "<group>"; };
		5A609B0D25F47B1800AAB972 /* grey2.map */ = {isa = PBXFileReference; fileEncoding = 4; lastKnownFileType = "sourcecode.module-map"; path = grey2.map; sourceTree = "<group>"; };
		5A609B0E25F47B1800AAB972 /* morewalls.map */ = {isa = PBXFileReference; fileEncoding = 4; lastKnownFileType = "sourcecode.module-map"; path = morewalls.map; sourceTree = "<group>"; };
		5A609B0F25F47B1800AAB972 /* zigzag.map */ = {isa = PBXFileReference; fileEncoding = 4; lastKnownFileType = "sourcecode.module-map"; path = zigzag.map; sourceTree = "<group>"; };
		5A609B1025F47B1800AAB972 /* superslippery.map */ = {isa = PBXFileReference; fileEncoding = 4; lastKnownFileType = "sourcecode.module-map"; path = superslippery.map; sourceTree = "<group>"; };
		5A609B1125F47B1800AAB972 /* dummy.map */ = {isa = PBXFileReference; fileEncoding = 4; lastKnownFileType = "sourcecode.module-map"; path = dummy.map; sourceTree = "<group>"; };
		5A609B1225F47B1800AAB972 /* quick.map */ = {isa = PBXFileReference; fileEncoding = 4; lastKnownFileType = "sourcecode.module-map"; path = quick.map; sourceTree = "<group>"; };
		5A609B1325F47B1900AAB972 /* diagonal.map */ = {isa = PBXFileReference; fileEncoding = 4; lastKnownFileType = "sourcecode.module-map"; path = diagonal.map; sourceTree = "<group>"; };
		5A609B1425F47B1900AAB972 /* hole.map */ = {isa = PBXFileReference; fileEncoding = 4; lastKnownFileType = "sourcecode.module-map"; path = hole.map; sourceTree = "<group>"; };
		5A609B1525F47B1900AAB972 /* cublex4.map */ = {isa = PBXFileReference; fileEncoding = 4; lastKnownFileType = "sourcecode.module-map"; path = cublex4.map; sourceTree = "<group>"; };
		5A609B1625F47B1900AAB972 /* small.map */ = {isa = PBXFileReference; fileEncoding = 4; lastKnownFileType = "sourcecode.module-map"; path = small.map; sourceTree = "<group>"; };
		5A609B1725F47B1900AAB972 /* standard.map */ = {isa = PBXFileReference; fileEncoding = 4; lastKnownFileType = "sourcecode.module-map"; path = standard.map; sourceTree = "<group>"; };
		5A609B1825F47B1900AAB972 /* large.map */ = {isa = PBXFileReference; fileEncoding = 4; lastKnownFileType = "sourcecode.module-map"; path = large.map; sourceTree = "<group>"; };
		5A609B1925F47B1900AAB972 /* grey1.map */ = {isa = PBXFileReference; fileEncoding = 4; lastKnownFileType = "sourcecode.module-map"; path = grey1.map; sourceTree = "<group>"; };
		5A609B1A25F47B1900AAB972 /* grey3.map */ = {isa = PBXFileReference; fileEncoding = 4; lastKnownFileType = "sourcecode.module-map"; path = grey3.map; sourceTree = "<group>"; };
		5A609B1B25F47BEE00AAB972 /* Player.swift */ = {isa = PBXFileReference; lastKnownFileType = sourcecode.swift; path = Player.swift; sourceTree = "<group>"; };
		5A609B2325F47E5B00AAB972 /* Game.swift */ = {isa = PBXFileReference; lastKnownFileType = sourcecode.swift; path = Game.swift; sourceTree = "<group>"; };
		5A609B2825F4810E00AAB972 /* Direction.swift */ = {isa = PBXFileReference; lastKnownFileType = sourcecode.swift; path = Direction.swift; sourceTree = "<group>"; };
		5AD4F43B25F34A7B00B500A9 /* PushySquares.app */ = {isa = PBXFileReference; explicitFileType = wrapper.application; includeInIndex = 0; path = PushySquares.app; sourceTree = BUILT_PRODUCTS_DIR; };
		5AD4F43E25F34A7B00B500A9 /* AppDelegate.swift */ = {isa = PBXFileReference; lastKnownFileType = sourcecode.swift; path = AppDelegate.swift; sourceTree = "<group>"; };
		5AD4F44025F34A7B00B500A9 /* SceneDelegate.swift */ = {isa = PBXFileReference; lastKnownFileType = sourcecode.swift; path = SceneDelegate.swift; sourceTree = "<group>"; };
		5AD4F44225F34A7B00B500A9 /* ViewController.swift */ = {isa = PBXFileReference; lastKnownFileType = sourcecode.swift; path = ViewController.swift; sourceTree = "<group>"; };
		5AD4F44525F34A7B00B500A9 /* Base */ = {isa = PBXFileReference; lastKnownFileType = file.storyboard; name = Base; path = Base.lproj/Main.storyboard; sourceTree = "<group>"; };
		5AD4F44725F34A7D00B500A9 /* Assets.xcassets */ = {isa = PBXFileReference; lastKnownFileType = folder.assetcatalog; path = Assets.xcassets; sourceTree = "<group>"; };
		5AD4F44A25F34A7D00B500A9 /* Base */ = {isa = PBXFileReference; lastKnownFileType = file.storyboard; name = Base; path = Base.lproj/LaunchScreen.storyboard; sourceTree = "<group>"; };
		5AD4F44C25F34A7D00B500A9 /* Info.plist */ = {isa = PBXFileReference; lastKnownFileType = text.plist.xml; path = Info.plist; sourceTree = "<group>"; };
		5AD4F45C25F34A7E00B500A9 /* PushySquaresUITests.xctest */ = {isa = PBXFileReference; explicitFileType = wrapper.cfbundle; includeInIndex = 0; path = PushySquaresUITests.xctest; sourceTree = BUILT_PRODUCTS_DIR; };
		5AD4F46025F34A7E00B500A9 /* PushySquaresUITests.swift */ = {isa = PBXFileReference; lastKnownFileType = sourcecode.swift; path = PushySquaresUITests.swift; sourceTree = "<group>"; };
		5AD4F46225F34A7E00B500A9 /* Info.plist */ = {isa = PBXFileReference; lastKnownFileType = text.plist.xml; path = Info.plist; sourceTree = "<group>"; };
		5E98453662355195AEDAB5A6 /* Pods-PushySquares.debug.xcconfig */ = {isa = PBXFileReference; includeInIndex = 1; lastKnownFileType = text.xcconfig; name = "Pods-PushySquares.debug.xcconfig"; path = "Target Support Files/Pods-PushySquares/Pods-PushySquares.debug.xcconfig"; sourceTree = "<group>"; };
		7814AD654ECAC2FB7238E243 /* Pods_PushySquares.framework */ = {isa = PBXFileReference; explicitFileType = wrapper.framework; includeInIndex = 0; path = Pods_PushySquares.framework; sourceTree = BUILT_PRODUCTS_DIR; };
		7EB7831B7E4E3163D061FF68 /* Pods-PushySquares-PushySquaresUITests.debug.xcconfig */ = {isa = PBXFileReference; includeInIndex = 1; lastKnownFileType = text.xcconfig; name = "Pods-PushySquares-PushySquaresUITests.debug.xcconfig"; path = "Target Support Files/Pods-PushySquares-PushySquaresUITests/Pods-PushySquares-PushySquaresUITests.debug.xcconfig"; sourceTree = "<group>"; };
		8275876E72990E344C24CA91 /* Pods-PushySquaresTests.debug.xcconfig */ = {isa = PBXFileReference; includeInIndex = 1; lastKnownFileType = text.xcconfig; name = "Pods-PushySquaresTests.debug.xcconfig"; path = "Target Support Files/Pods-PushySquaresTests/Pods-PushySquaresTests.debug.xcconfig"; sourceTree = "<group>"; };
		AD3BB5BA3CF4E25AEC8A0B8D /* Pods-PushySquares-PushySquaresUITests.release.xcconfig */ = {isa = PBXFileReference; includeInIndex = 1; lastKnownFileType = text.xcconfig; name = "Pods-PushySquares-PushySquaresUITests.release.xcconfig"; path = "Target Support Files/Pods-PushySquares-PushySquaresUITests/Pods-PushySquares-PushySquaresUITests.release.xcconfig"; sourceTree = "<group>"; };
		C4C6D7D6CEFE7D0ED82FE9DC /* Pods_PushySquaresTests.framework */ = {isa = PBXFileReference; explicitFileType = wrapper.framework; includeInIndex = 0; path = Pods_PushySquaresTests.framework; sourceTree = BUILT_PRODUCTS_DIR; };
		CC7148E52F07B3DBED3B62D5 /* Pods-PushySquaresTests.release.xcconfig */ = {isa = PBXFileReference; includeInIndex = 1; lastKnownFileType = text.xcconfig; name = "Pods-PushySquaresTests.release.xcconfig"; path = "Target Support Files/Pods-PushySquaresTests/Pods-PushySquaresTests.release.xcconfig"; sourceTree = "<group>"; };
		CDE70F9027CE04B999A127AC /* Pods_PushySquares_PushySquaresUITests.framework */ = {isa = PBXFileReference; explicitFileType = wrapper.framework; includeInIndex = 0; path = Pods_PushySquares_PushySquaresUITests.framework; sourceTree = BUILT_PRODUCTS_DIR; };
		EEC2DE3B54C49071F7B6F460 /* Pods-PushySquares.release.xcconfig */ = {isa = PBXFileReference; includeInIndex = 1; lastKnownFileType = text.xcconfig; name = "Pods-PushySquares.release.xcconfig"; path = "Target Support Files/Pods-PushySquares/Pods-PushySquares.release.xcconfig"; sourceTree = "<group>"; };
/* End PBXFileReference section */

/* Begin PBXFrameworksBuildPhase section */
		5A609AB825F46F8B00AAB972 /* Frameworks */ = {
			isa = PBXFrameworksBuildPhase;
			buildActionMask = 2147483647;
			files = (
			);
			runOnlyForDeploymentPostprocessing = 0;
		};
		5A609AC025F46F8B00AAB972 /* Frameworks */ = {
			isa = PBXFrameworksBuildPhase;
			buildActionMask = 2147483647;
			files = (
				5A609AC425F46F8B00AAB972 /* PushySquaresModel.framework in Frameworks */,
			);
			runOnlyForDeploymentPostprocessing = 0;
		};
		5AD4F43825F34A7B00B500A9 /* Frameworks */ = {
			isa = PBXFrameworksBuildPhase;
			buildActionMask = 2147483647;
			files = (
				5EF7FF885880A176B51D40F8 /* Pods_PushySquares.framework in Frameworks */,
				5A609AD025F46F8B00AAB972 /* PushySquaresModel.framework in Frameworks */,
			);
			runOnlyForDeploymentPostprocessing = 0;
		};
		5AD4F45925F34A7E00B500A9 /* Frameworks */ = {
			isa = PBXFrameworksBuildPhase;
			buildActionMask = 2147483647;
			files = (
				C14C3474F295C0ACD18F65AA /* Pods_PushySquares_PushySquaresUITests.framework in Frameworks */,
			);
			runOnlyForDeploymentPostprocessing = 0;
		};
/* End PBXFrameworksBuildPhase section */

/* Begin PBXGroup section */
		44CA1BB36074894F1A38335E /* Frameworks */ = {
			isa = PBXGroup;
			children = (
				7814AD654ECAC2FB7238E243 /* Pods_PushySquares.framework */,
				CDE70F9027CE04B999A127AC /* Pods_PushySquares_PushySquaresUITests.framework */,
				C4C6D7D6CEFE7D0ED82FE9DC /* Pods_PushySquaresTests.framework */,
			);
			name = Frameworks;
			sourceTree = "<group>";
		};
		5A609ABC25F46F8B00AAB972 /* PushySquaresModel */ = {
			isa = PBXGroup;
			children = (
				5A609B0625F47AFF00AAB972 /* Maps */,
				5A609ABD25F46F8B00AAB972 /* PushySquaresModel.h */,
				5A609ABE25F46F8B00AAB972 /* Info.plist */,
				5A609AED25F4710600AAB972 /* MapTile.swift */,
				5A609AF725F4738D00AAB972 /* BoardState.swift */,
				5A609AF225F4714100AAB972 /* Color.swift */,
				5A609B2825F4810E00AAB972 /* Direction.swift */,
				5A609AFC25F473FF00AAB972 /* Array2D.swift */,
				5A609B2325F47E5B00AAB972 /* Game.swift */,
				5A609B0125F4744700AAB972 /* Map.swift */,
				5A609B1B25F47BEE00AAB972 /* Player.swift */,
			);
			path = PushySquaresModel;
			sourceTree = "<group>";
		};
		5A609AC925F46F8B00AAB972 /* PushySquaresModelTests */ = {
			isa = PBXGroup;
			children = (
				5A609ACA25F46F8B00AAB972 /* PushySquaresModelTests.swift */,
				5A609ACC25F46F8B00AAB972 /* Info.plist */,
			);
			path = PushySquaresModelTests;
			sourceTree = "<group>";
		};
		5A609B0625F47AFF00AAB972 /* Maps */ = {
			isa = PBXGroup;
			children = (
				5A609B0B25F47B1800AAB972 /* cublex1.map */,
				5A609B0825F47B1800AAB972 /* cublex2.map */,
				5A609B0725F47B1800AAB972 /* cublex3.map */,
				5A609B1525F47B1900AAB972 /* cublex4.map */,
				5A609B0C25F47B1800AAB972 /* cublex5.map */,
				5A609B1325F47B1900AAB972 /* diagonal.map */,
				5A609B1125F47B1800AAB972 /* dummy.map */,
				5A609B1925F47B1900AAB972 /* grey1.map */,
				5A609B0D25F47B1800AAB972 /* grey2.map */,
				5A609B1A25F47B1900AAB972 /* grey3.map */,
				5A609B1425F47B1900AAB972 /* hole.map */,
				5A609B1825F47B1900AAB972 /* large.map */,
				5A609B0E25F47B1800AAB972 /* morewalls.map */,
				5A609B1225F47B1800AAB972 /* quick.map */,
				5A609B0925F47B1800AAB972 /* slippery.map */,
				5A609B1625F47B1900AAB972 /* small.map */,
				5A609B1725F47B1900AAB972 /* standard.map */,
				5A609B1025F47B1800AAB972 /* superslippery.map */,
				5A609B0A25F47B1800AAB972 /* walls.map */,
				5A609B0F25F47B1800AAB972 /* zigzag.map */,
			);
			path = Maps;
			sourceTree = "<group>";
		};
		5AD4F43225F34A7B00B500A9 = {
			isa = PBXGroup;
			children = (
				5AD4F43D25F34A7B00B500A9 /* PushySquares */,
				5AD4F45F25F34A7E00B500A9 /* PushySquaresUITests */,
				5A609ABC25F46F8B00AAB972 /* PushySquaresModel */,
				5A609AC925F46F8B00AAB972 /* PushySquaresModelTests */,
				5AD4F43C25F34A7B00B500A9 /* Products */,
				6D2F5245F0DC49B74684D85C /* Pods */,
				44CA1BB36074894F1A38335E /* Frameworks */,
			);
			sourceTree = "<group>";
		};
		5AD4F43C25F34A7B00B500A9 /* Products */ = {
			isa = PBXGroup;
			children = (
				5AD4F43B25F34A7B00B500A9 /* PushySquares.app */,
				5AD4F45C25F34A7E00B500A9 /* PushySquaresUITests.xctest */,
				5A609ABB25F46F8B00AAB972 /* PushySquaresModel.framework */,
				5A609AC325F46F8B00AAB972 /* PushySquaresModelTests.xctest */,
			);
			name = Products;
			sourceTree = "<group>";
		};
		5AD4F43D25F34A7B00B500A9 /* PushySquares */ = {
			isa = PBXGroup;
			children = (
				5AD4F43E25F34A7B00B500A9 /* AppDelegate.swift */,
				5AD4F44025F34A7B00B500A9 /* SceneDelegate.swift */,
				5AD4F44225F34A7B00B500A9 /* ViewController.swift */,
				5AD4F44425F34A7B00B500A9 /* Main.storyboard */,
				5AD4F44725F34A7D00B500A9 /* Assets.xcassets */,
				5AD4F44925F34A7D00B500A9 /* LaunchScreen.storyboard */,
				5AD4F44C25F34A7D00B500A9 /* Info.plist */,
			);
			path = PushySquares;
			sourceTree = "<group>";
		};
		5AD4F45F25F34A7E00B500A9 /* PushySquaresUITests */ = {
			isa = PBXGroup;
			children = (
				5AD4F46025F34A7E00B500A9 /* PushySquaresUITests.swift */,
				5AD4F46225F34A7E00B500A9 /* Info.plist */,
			);
			path = PushySquaresUITests;
			sourceTree = "<group>";
		};
		6D2F5245F0DC49B74684D85C /* Pods */ = {
			isa = PBXGroup;
			children = (
				5E98453662355195AEDAB5A6 /* Pods-PushySquares.debug.xcconfig */,
				EEC2DE3B54C49071F7B6F460 /* Pods-PushySquares.release.xcconfig */,
				7EB7831B7E4E3163D061FF68 /* Pods-PushySquares-PushySquaresUITests.debug.xcconfig */,
				AD3BB5BA3CF4E25AEC8A0B8D /* Pods-PushySquares-PushySquaresUITests.release.xcconfig */,
				8275876E72990E344C24CA91 /* Pods-PushySquaresTests.debug.xcconfig */,
				CC7148E52F07B3DBED3B62D5 /* Pods-PushySquaresTests.release.xcconfig */,
			);
			path = Pods;
			sourceTree = "<group>";
		};
/* End PBXGroup section */

/* Begin PBXHeadersBuildPhase section */
		5A609AB625F46F8B00AAB972 /* Headers */ = {
			isa = PBXHeadersBuildPhase;
			buildActionMask = 2147483647;
			files = (
				5A609ACD25F46F8B00AAB972 /* PushySquaresModel.h in Headers */,
			);
			runOnlyForDeploymentPostprocessing = 0;
		};
/* End PBXHeadersBuildPhase section */

/* Begin PBXNativeTarget section */
		5A609ABA25F46F8B00AAB972 /* PushySquaresModel */ = {
			isa = PBXNativeTarget;
			buildConfigurationList = 5A609AD725F46F8B00AAB972 /* Build configuration list for PBXNativeTarget "PushySquaresModel" */;
			buildPhases = (
				5A609AB625F46F8B00AAB972 /* Headers */,
				5A609AB725F46F8B00AAB972 /* Sources */,
				5A609AB825F46F8B00AAB972 /* Frameworks */,
				5A609AB925F46F8B00AAB972 /* Resources */,
			);
			buildRules = (
			);
			dependencies = (
			);
			name = PushySquaresModel;
			productName = PushySquaresModel;
			productReference = 5A609ABB25F46F8B00AAB972 /* PushySquaresModel.framework */;
			productType = "com.apple.product-type.framework";
		};
		5A609AC225F46F8B00AAB972 /* PushySquaresModelTests */ = {
			isa = PBXNativeTarget;
			buildConfigurationList = 5A609AD825F46F8B00AAB972 /* Build configuration list for PBXNativeTarget "PushySquaresModelTests" */;
			buildPhases = (
				5A609ABF25F46F8B00AAB972 /* Sources */,
				5A609AC025F46F8B00AAB972 /* Frameworks */,
				5A609AC125F46F8B00AAB972 /* Resources */,
			);
			buildRules = (
			);
			dependencies = (
				5A609AC625F46F8B00AAB972 /* PBXTargetDependency */,
				5A609AC825F46F8B00AAB972 /* PBXTargetDependency */,
			);
			name = PushySquaresModelTests;
			productName = PushySquaresModelTests;
			productReference = 5A609AC325F46F8B00AAB972 /* PushySquaresModelTests.xctest */;
			productType = "com.apple.product-type.bundle.unit-test";
		};
		5AD4F43A25F34A7B00B500A9 /* PushySquares */ = {
			isa = PBXNativeTarget;
			buildConfigurationList = 5AD4F46525F34A7E00B500A9 /* Build configuration list for PBXNativeTarget "PushySquares" */;
			buildPhases = (
				BD9C89AF86621D8B7448DA11 /* [CP] Check Pods Manifest.lock */,
				5AD4F43725F34A7B00B500A9 /* Sources */,
				5AD4F43825F34A7B00B500A9 /* Frameworks */,
				5AD4F43925F34A7B00B500A9 /* Resources */,
				B6F04F7EDFBCFAB0033F5790 /* [CP] Embed Pods Frameworks */,
				5A609AD225F46F8B00AAB972 /* Embed Frameworks */,
			);
			buildRules = (
			);
			dependencies = (
				5A609ACF25F46F8B00AAB972 /* PBXTargetDependency */,
			);
			name = PushySquares;
			productName = PushySquares;
			productReference = 5AD4F43B25F34A7B00B500A9 /* PushySquares.app */;
			productType = "com.apple.product-type.application";
		};
		5AD4F45B25F34A7E00B500A9 /* PushySquaresUITests */ = {
			isa = PBXNativeTarget;
			buildConfigurationList = 5AD4F46B25F34A7E00B500A9 /* Build configuration list for PBXNativeTarget "PushySquaresUITests" */;
			buildPhases = (
				9B0239468BAB31CC2040ABA4 /* [CP] Check Pods Manifest.lock */,
				5AD4F45825F34A7E00B500A9 /* Sources */,
				5AD4F45925F34A7E00B500A9 /* Frameworks */,
				5AD4F45A25F34A7E00B500A9 /* Resources */,
				DDD84C7079C67971ACE632A7 /* [CP] Embed Pods Frameworks */,
			);
			buildRules = (
			);
			dependencies = (
				5AD4F45E25F34A7E00B500A9 /* PBXTargetDependency */,
			);
			name = PushySquaresUITests;
			productName = PushySquaresUITests;
			productReference = 5AD4F45C25F34A7E00B500A9 /* PushySquaresUITests.xctest */;
			productType = "com.apple.product-type.bundle.ui-testing";
		};
/* End PBXNativeTarget section */

/* Begin PBXProject section */
		5AD4F43325F34A7B00B500A9 /* Project object */ = {
			isa = PBXProject;
			attributes = {
				LastSwiftUpdateCheck = 1240;
				LastUpgradeCheck = 1240;
				TargetAttributes = {
					5A609ABA25F46F8B00AAB972 = {
						CreatedOnToolsVersion = 12.4;
						LastSwiftMigration = 1240;
					};
					5A609AC225F46F8B00AAB972 = {
						CreatedOnToolsVersion = 12.4;
						TestTargetID = 5AD4F43A25F34A7B00B500A9;
					};
					5AD4F43A25F34A7B00B500A9 = {
						CreatedOnToolsVersion = 12.4;
					};
					5AD4F45B25F34A7E00B500A9 = {
						CreatedOnToolsVersion = 12.4;
						TestTargetID = 5AD4F43A25F34A7B00B500A9;
					};
				};
			};
			buildConfigurationList = 5AD4F43625F34A7B00B500A9 /* Build configuration list for PBXProject "PushySquares" */;
			compatibilityVersion = "Xcode 9.3";
			developmentRegion = en;
			hasScannedForEncodings = 0;
			knownRegions = (
				en,
				Base,
			);
			mainGroup = 5AD4F43225F34A7B00B500A9;
			productRefGroup = 5AD4F43C25F34A7B00B500A9 /* Products */;
			projectDirPath = "";
			projectRoot = "";
			targets = (
				5AD4F43A25F34A7B00B500A9 /* PushySquares */,
				5AD4F45B25F34A7E00B500A9 /* PushySquaresUITests */,
				5A609ABA25F46F8B00AAB972 /* PushySquaresModel */,
				5A609AC225F46F8B00AAB972 /* PushySquaresModelTests */,
			);
		};
/* End PBXProject section */

/* Begin PBXResourcesBuildPhase section */
		5A609AB925F46F8B00AAB972 /* Resources */ = {
			isa = PBXResourcesBuildPhase;
			buildActionMask = 2147483647;
			files = (
			);
			runOnlyForDeploymentPostprocessing = 0;
		};
		5A609AC125F46F8B00AAB972 /* Resources */ = {
			isa = PBXResourcesBuildPhase;
			buildActionMask = 2147483647;
			files = (
			);
			runOnlyForDeploymentPostprocessing = 0;
		};
		5AD4F43925F34A7B00B500A9 /* Resources */ = {
			isa = PBXResourcesBuildPhase;
			buildActionMask = 2147483647;
			files = (
				5AD4F44B25F34A7D00B500A9 /* LaunchScreen.storyboard in Resources */,
				5AD4F44825F34A7D00B500A9 /* Assets.xcassets in Resources */,
				5AD4F44625F34A7B00B500A9 /* Main.storyboard in Resources */,
			);
			runOnlyForDeploymentPostprocessing = 0;
		};
		5AD4F45A25F34A7E00B500A9 /* Resources */ = {
			isa = PBXResourcesBuildPhase;
			buildActionMask = 2147483647;
			files = (
			);
			runOnlyForDeploymentPostprocessing = 0;
		};
/* End PBXResourcesBuildPhase section */

/* Begin PBXShellScriptBuildPhase section */
		9B0239468BAB31CC2040ABA4 /* [CP] Check Pods Manifest.lock */ = {
			isa = PBXShellScriptBuildPhase;
			buildActionMask = 2147483647;
			files = (
			);
			inputFileListPaths = (
			);
			inputPaths = (
				"${PODS_PODFILE_DIR_PATH}/Podfile.lock",
				"${PODS_ROOT}/Manifest.lock",
			);
			name = "[CP] Check Pods Manifest.lock";
			outputFileListPaths = (
			);
			outputPaths = (
				"$(DERIVED_FILE_DIR)/Pods-PushySquares-PushySquaresUITests-checkManifestLockResult.txt",
			);
			runOnlyForDeploymentPostprocessing = 0;
			shellPath = /bin/sh;
			shellScript = "diff \"${PODS_PODFILE_DIR_PATH}/Podfile.lock\" \"${PODS_ROOT}/Manifest.lock\" > /dev/null\nif [ $? != 0 ] ; then\n    # print error to STDERR\n    echo \"error: The sandbox is not in sync with the Podfile.lock. Run 'pod install' or update your CocoaPods installation.\" >&2\n    exit 1\nfi\n# This output is used by Xcode 'outputs' to avoid re-running this script phase.\necho \"SUCCESS\" > \"${SCRIPT_OUTPUT_FILE_0}\"\n";
			showEnvVarsInLog = 0;
		};
		B6F04F7EDFBCFAB0033F5790 /* [CP] Embed Pods Frameworks */ = {
			isa = PBXShellScriptBuildPhase;
			buildActionMask = 2147483647;
			files = (
			);
			inputFileListPaths = (
				"${PODS_ROOT}/Target Support Files/Pods-PushySquares/Pods-PushySquares-frameworks-${CONFIGURATION}-input-files.xcfilelist",
			);
			name = "[CP] Embed Pods Frameworks";
			outputFileListPaths = (
				"${PODS_ROOT}/Target Support Files/Pods-PushySquares/Pods-PushySquares-frameworks-${CONFIGURATION}-output-files.xcfilelist",
			);
			runOnlyForDeploymentPostprocessing = 0;
			shellPath = /bin/sh;
			shellScript = "\"${PODS_ROOT}/Target Support Files/Pods-PushySquares/Pods-PushySquares-frameworks.sh\"\n";
			showEnvVarsInLog = 0;
		};
		BD9C89AF86621D8B7448DA11 /* [CP] Check Pods Manifest.lock */ = {
			isa = PBXShellScriptBuildPhase;
			buildActionMask = 2147483647;
			files = (
			);
			inputFileListPaths = (
			);
			inputPaths = (
				"${PODS_PODFILE_DIR_PATH}/Podfile.lock",
				"${PODS_ROOT}/Manifest.lock",
			);
			name = "[CP] Check Pods Manifest.lock";
			outputFileListPaths = (
			);
			outputPaths = (
				"$(DERIVED_FILE_DIR)/Pods-PushySquares-checkManifestLockResult.txt",
			);
			runOnlyForDeploymentPostprocessing = 0;
			shellPath = /bin/sh;
			shellScript = "diff \"${PODS_PODFILE_DIR_PATH}/Podfile.lock\" \"${PODS_ROOT}/Manifest.lock\" > /dev/null\nif [ $? != 0 ] ; then\n    # print error to STDERR\n    echo \"error: The sandbox is not in sync with the Podfile.lock. Run 'pod install' or update your CocoaPods installation.\" >&2\n    exit 1\nfi\n# This output is used by Xcode 'outputs' to avoid re-running this script phase.\necho \"SUCCESS\" > \"${SCRIPT_OUTPUT_FILE_0}\"\n";
			showEnvVarsInLog = 0;
		};
		DDD84C7079C67971ACE632A7 /* [CP] Embed Pods Frameworks */ = {
			isa = PBXShellScriptBuildPhase;
			buildActionMask = 2147483647;
			files = (
			);
			inputFileListPaths = (
				"${PODS_ROOT}/Target Support Files/Pods-PushySquares-PushySquaresUITests/Pods-PushySquares-PushySquaresUITests-frameworks-${CONFIGURATION}-input-files.xcfilelist",
			);
			name = "[CP] Embed Pods Frameworks";
			outputFileListPaths = (
				"${PODS_ROOT}/Target Support Files/Pods-PushySquares-PushySquaresUITests/Pods-PushySquares-PushySquaresUITests-frameworks-${CONFIGURATION}-output-files.xcfilelist",
			);
			runOnlyForDeploymentPostprocessing = 0;
			shellPath = /bin/sh;
			shellScript = "\"${PODS_ROOT}/Target Support Files/Pods-PushySquares-PushySquaresUITests/Pods-PushySquares-PushySquaresUITests-frameworks.sh\"\n";
			showEnvVarsInLog = 0;
		};
/* End PBXShellScriptBuildPhase section */

/* Begin PBXSourcesBuildPhase section */
		5A609AB725F46F8B00AAB972 /* Sources */ = {
			isa = PBXSourcesBuildPhase;
			buildActionMask = 2147483647;
			files = (
				5A609B0225F4744700AAB972 /* Map.swift in Sources */,
				5A609AF825F4738D00AAB972 /* BoardState.swift in Sources */,
				5A609B2425F47E5B00AAB972 /* Game.swift in Sources */,
				5A609B2925F4810E00AAB972 /* Direction.swift in Sources */,
				5A609AFD25F473FF00AAB972 /* Array2D.swift in Sources */,
				5A609AEE25F4710600AAB972 /* MapTile.swift in Sources */,
				5A609B1C25F47BEE00AAB972 /* Player.swift in Sources */,
				5A609AF325F4714100AAB972 /* Color.swift in Sources */,
			);
			runOnlyForDeploymentPostprocessing = 0;
		};
		5A609ABF25F46F8B00AAB972 /* Sources */ = {
			isa = PBXSourcesBuildPhase;
			buildActionMask = 2147483647;
			files = (
				5A609ACB25F46F8B00AAB972 /* PushySquaresModelTests.swift in Sources */,
			);
			runOnlyForDeploymentPostprocessing = 0;
		};
		5AD4F43725F34A7B00B500A9 /* Sources */ = {
			isa = PBXSourcesBuildPhase;
			buildActionMask = 2147483647;
			files = (
				5AD4F44325F34A7B00B500A9 /* ViewController.swift in Sources */,
				5AD4F43F25F34A7B00B500A9 /* AppDelegate.swift in Sources */,
				5AD4F44125F34A7B00B500A9 /* SceneDelegate.swift in Sources */,
			);
			runOnlyForDeploymentPostprocessing = 0;
		};
		5AD4F45825F34A7E00B500A9 /* Sources */ = {
			isa = PBXSourcesBuildPhase;
			buildActionMask = 2147483647;
			files = (
				5AD4F46125F34A7E00B500A9 /* PushySquaresUITests.swift in Sources */,
			);
			runOnlyForDeploymentPostprocessing = 0;
		};
/* End PBXSourcesBuildPhase section */

/* Begin PBXTargetDependency section */
		5A609AC625F46F8B00AAB972 /* PBXTargetDependency */ = {
			isa = PBXTargetDependency;
			target = 5A609ABA25F46F8B00AAB972 /* PushySquaresModel */;
			targetProxy = 5A609AC525F46F8B00AAB972 /* PBXContainerItemProxy */;
		};
		5A609AC825F46F8B00AAB972 /* PBXTargetDependency */ = {
			isa = PBXTargetDependency;
			target = 5AD4F43A25F34A7B00B500A9 /* PushySquares */;
			targetProxy = 5A609AC725F46F8B00AAB972 /* PBXContainerItemProxy */;
		};
		5A609ACF25F46F8B00AAB972 /* PBXTargetDependency */ = {
			isa = PBXTargetDependency;
			target = 5A609ABA25F46F8B00AAB972 /* PushySquaresModel */;
			targetProxy = 5A609ACE25F46F8B00AAB972 /* PBXContainerItemProxy */;
		};
		5AD4F45E25F34A7E00B500A9 /* PBXTargetDependency */ = {
			isa = PBXTargetDependency;
			target = 5AD4F43A25F34A7B00B500A9 /* PushySquares */;
			targetProxy = 5AD4F45D25F34A7E00B500A9 /* PBXContainerItemProxy */;
		};
/* End PBXTargetDependency section */

/* Begin PBXVariantGroup section */
		5AD4F44425F34A7B00B500A9 /* Main.storyboard */ = {
			isa = PBXVariantGroup;
			children = (
				5AD4F44525F34A7B00B500A9 /* Base */,
			);
			name = Main.storyboard;
			sourceTree = "<group>";
		};
		5AD4F44925F34A7D00B500A9 /* LaunchScreen.storyboard */ = {
			isa = PBXVariantGroup;
			children = (
				5AD4F44A25F34A7D00B500A9 /* Base */,
			);
			name = LaunchScreen.storyboard;
			sourceTree = "<group>";
		};
/* End PBXVariantGroup section */

/* Begin XCBuildConfiguration section */
		5A609AD325F46F8B00AAB972 /* Debug */ = {
			isa = XCBuildConfiguration;
			buildSettings = {
				CLANG_ENABLE_MODULES = YES;
				CODE_SIGN_STYLE = Automatic;
				CURRENT_PROJECT_VERSION = 1;
				DEFINES_MODULE = YES;
				DEVELOPMENT_TEAM = E9MW74DJ4Y;
				DYLIB_COMPATIBILITY_VERSION = 1;
				DYLIB_CURRENT_VERSION = 1;
				DYLIB_INSTALL_NAME_BASE = "@rpath";
				INFOPLIST_FILE = PushySquaresModel/Info.plist;
				INSTALL_PATH = "$(LOCAL_LIBRARY_DIR)/Frameworks";
				LD_RUNPATH_SEARCH_PATHS = (
					"$(inherited)",
					"@executable_path/Frameworks",
					"@loader_path/Frameworks",
				);
				PRODUCT_BUNDLE_IDENTIFIER = io.github.sweeper777.PushySquaresModel;
				PRODUCT_NAME = "$(TARGET_NAME:c99extidentifier)";
				SKIP_INSTALL = YES;
				SWIFT_OPTIMIZATION_LEVEL = "-Onone";
				SWIFT_VERSION = 5.0;
				TARGETED_DEVICE_FAMILY = "1,2";
				VERSIONING_SYSTEM = "apple-generic";
				VERSION_INFO_PREFIX = "";
			};
			name = Debug;
		};
		5A609AD425F46F8B00AAB972 /* Release */ = {
			isa = XCBuildConfiguration;
			buildSettings = {
				CLANG_ENABLE_MODULES = YES;
				CODE_SIGN_STYLE = Automatic;
				CURRENT_PROJECT_VERSION = 1;
				DEFINES_MODULE = YES;
				DEVELOPMENT_TEAM = E9MW74DJ4Y;
				DYLIB_COMPATIBILITY_VERSION = 1;
				DYLIB_CURRENT_VERSION = 1;
				DYLIB_INSTALL_NAME_BASE = "@rpath";
				INFOPLIST_FILE = PushySquaresModel/Info.plist;
				INSTALL_PATH = "$(LOCAL_LIBRARY_DIR)/Frameworks";
				LD_RUNPATH_SEARCH_PATHS = (
					"$(inherited)",
					"@executable_path/Frameworks",
					"@loader_path/Frameworks",
				);
				PRODUCT_BUNDLE_IDENTIFIER = io.github.sweeper777.PushySquaresModel;
				PRODUCT_NAME = "$(TARGET_NAME:c99extidentifier)";
				SKIP_INSTALL = YES;
				SWIFT_VERSION = 5.0;
				TARGETED_DEVICE_FAMILY = "1,2";
				VERSIONING_SYSTEM = "apple-generic";
				VERSION_INFO_PREFIX = "";
			};
			name = Release;
		};
		5A609AD525F46F8B00AAB972 /* Debug */ = {
			isa = XCBuildConfiguration;
			buildSettings = {
				ALWAYS_EMBED_SWIFT_STANDARD_LIBRARIES = YES;
				CODE_SIGN_STYLE = Automatic;
				DEVELOPMENT_TEAM = E9MW74DJ4Y;
				INFOPLIST_FILE = PushySquaresModelTests/Info.plist;
				LD_RUNPATH_SEARCH_PATHS = (
					"$(inherited)",
					"@executable_path/Frameworks",
					"@loader_path/Frameworks",
				);
				PRODUCT_BUNDLE_IDENTIFIER = io.github.sweeper777.PushySquaresModelTests;
				PRODUCT_NAME = "$(TARGET_NAME)";
				SWIFT_VERSION = 5.0;
				TARGETED_DEVICE_FAMILY = "1,2";
				TEST_HOST = "$(BUILT_PRODUCTS_DIR)/PushySquares.app/PushySquares";
			};
			name = Debug;
		};
		5A609AD625F46F8B00AAB972 /* Release */ = {
			isa = XCBuildConfiguration;
			buildSettings = {
				ALWAYS_EMBED_SWIFT_STANDARD_LIBRARIES = YES;
				CODE_SIGN_STYLE = Automatic;
				DEVELOPMENT_TEAM = E9MW74DJ4Y;
				INFOPLIST_FILE = PushySquaresModelTests/Info.plist;
				LD_RUNPATH_SEARCH_PATHS = (
					"$(inherited)",
					"@executable_path/Frameworks",
					"@loader_path/Frameworks",
				);
				PRODUCT_BUNDLE_IDENTIFIER = io.github.sweeper777.PushySquaresModelTests;
				PRODUCT_NAME = "$(TARGET_NAME)";
				SWIFT_VERSION = 5.0;
				TARGETED_DEVICE_FAMILY = "1,2";
				TEST_HOST = "$(BUILT_PRODUCTS_DIR)/PushySquares.app/PushySquares";
			};
			name = Release;
		};
		5AD4F46325F34A7E00B500A9 /* Debug */ = {
			isa = XCBuildConfiguration;
			buildSettings = {
				ALWAYS_SEARCH_USER_PATHS = NO;
				CLANG_ANALYZER_NONNULL = YES;
				CLANG_ANALYZER_NUMBER_OBJECT_CONVERSION = YES_AGGRESSIVE;
				CLANG_CXX_LANGUAGE_STANDARD = "gnu++14";
				CLANG_CXX_LIBRARY = "libc++";
				CLANG_ENABLE_MODULES = YES;
				CLANG_ENABLE_OBJC_ARC = YES;
				CLANG_ENABLE_OBJC_WEAK = YES;
				CLANG_WARN_BLOCK_CAPTURE_AUTORELEASING = YES;
				CLANG_WARN_BOOL_CONVERSION = YES;
				CLANG_WARN_COMMA = YES;
				CLANG_WARN_CONSTANT_CONVERSION = YES;
				CLANG_WARN_DEPRECATED_OBJC_IMPLEMENTATIONS = YES;
				CLANG_WARN_DIRECT_OBJC_ISA_USAGE = YES_ERROR;
				CLANG_WARN_DOCUMENTATION_COMMENTS = YES;
				CLANG_WARN_EMPTY_BODY = YES;
				CLANG_WARN_ENUM_CONVERSION = YES;
				CLANG_WARN_INFINITE_RECURSION = YES;
				CLANG_WARN_INT_CONVERSION = YES;
				CLANG_WARN_NON_LITERAL_NULL_CONVERSION = YES;
				CLANG_WARN_OBJC_IMPLICIT_RETAIN_SELF = YES;
				CLANG_WARN_OBJC_LITERAL_CONVERSION = YES;
				CLANG_WARN_OBJC_ROOT_CLASS = YES_ERROR;
				CLANG_WARN_QUOTED_INCLUDE_IN_FRAMEWORK_HEADER = YES;
				CLANG_WARN_RANGE_LOOP_ANALYSIS = YES;
				CLANG_WARN_STRICT_PROTOTYPES = YES;
				CLANG_WARN_SUSPICIOUS_MOVE = YES;
				CLANG_WARN_UNGUARDED_AVAILABILITY = YES_AGGRESSIVE;
				CLANG_WARN_UNREACHABLE_CODE = YES;
				CLANG_WARN__DUPLICATE_METHOD_MATCH = YES;
				COPY_PHASE_STRIP = NO;
				DEBUG_INFORMATION_FORMAT = dwarf;
				ENABLE_STRICT_OBJC_MSGSEND = YES;
				ENABLE_TESTABILITY = YES;
				GCC_C_LANGUAGE_STANDARD = gnu11;
				GCC_DYNAMIC_NO_PIC = NO;
				GCC_NO_COMMON_BLOCKS = YES;
				GCC_OPTIMIZATION_LEVEL = 0;
				GCC_PREPROCESSOR_DEFINITIONS = (
					"DEBUG=1",
					"$(inherited)",
				);
				GCC_WARN_64_TO_32_BIT_CONVERSION = YES;
				GCC_WARN_ABOUT_RETURN_TYPE = YES_ERROR;
				GCC_WARN_UNDECLARED_SELECTOR = YES;
				GCC_WARN_UNINITIALIZED_AUTOS = YES_AGGRESSIVE;
				GCC_WARN_UNUSED_FUNCTION = YES;
				GCC_WARN_UNUSED_VARIABLE = YES;
				IPHONEOS_DEPLOYMENT_TARGET = 14.1;
				MTL_ENABLE_DEBUG_INFO = INCLUDE_SOURCE;
				MTL_FAST_MATH = YES;
				ONLY_ACTIVE_ARCH = YES;
				SDKROOT = iphoneos;
				SWIFT_ACTIVE_COMPILATION_CONDITIONS = DEBUG;
				SWIFT_OPTIMIZATION_LEVEL = "-Onone";
			};
			name = Debug;
		};
		5AD4F46425F34A7E00B500A9 /* Release */ = {
			isa = XCBuildConfiguration;
			buildSettings = {
				ALWAYS_SEARCH_USER_PATHS = NO;
				CLANG_ANALYZER_NONNULL = YES;
				CLANG_ANALYZER_NUMBER_OBJECT_CONVERSION = YES_AGGRESSIVE;
				CLANG_CXX_LANGUAGE_STANDARD = "gnu++14";
				CLANG_CXX_LIBRARY = "libc++";
				CLANG_ENABLE_MODULES = YES;
				CLANG_ENABLE_OBJC_ARC = YES;
				CLANG_ENABLE_OBJC_WEAK = YES;
				CLANG_WARN_BLOCK_CAPTURE_AUTORELEASING = YES;
				CLANG_WARN_BOOL_CONVERSION = YES;
				CLANG_WARN_COMMA = YES;
				CLANG_WARN_CONSTANT_CONVERSION = YES;
				CLANG_WARN_DEPRECATED_OBJC_IMPLEMENTATIONS = YES;
				CLANG_WARN_DIRECT_OBJC_ISA_USAGE = YES_ERROR;
				CLANG_WARN_DOCUMENTATION_COMMENTS = YES;
				CLANG_WARN_EMPTY_BODY = YES;
				CLANG_WARN_ENUM_CONVERSION = YES;
				CLANG_WARN_INFINITE_RECURSION = YES;
				CLANG_WARN_INT_CONVERSION = YES;
				CLANG_WARN_NON_LITERAL_NULL_CONVERSION = YES;
				CLANG_WARN_OBJC_IMPLICIT_RETAIN_SELF = YES;
				CLANG_WARN_OBJC_LITERAL_CONVERSION = YES;
				CLANG_WARN_OBJC_ROOT_CLASS = YES_ERROR;
				CLANG_WARN_QUOTED_INCLUDE_IN_FRAMEWORK_HEADER = YES;
				CLANG_WARN_RANGE_LOOP_ANALYSIS = YES;
				CLANG_WARN_STRICT_PROTOTYPES = YES;
				CLANG_WARN_SUSPICIOUS_MOVE = YES;
				CLANG_WARN_UNGUARDED_AVAILABILITY = YES_AGGRESSIVE;
				CLANG_WARN_UNREACHABLE_CODE = YES;
				CLANG_WARN__DUPLICATE_METHOD_MATCH = YES;
				COPY_PHASE_STRIP = NO;
				DEBUG_INFORMATION_FORMAT = "dwarf-with-dsym";
				ENABLE_NS_ASSERTIONS = NO;
				ENABLE_STRICT_OBJC_MSGSEND = YES;
				GCC_C_LANGUAGE_STANDARD = gnu11;
				GCC_NO_COMMON_BLOCKS = YES;
				GCC_WARN_64_TO_32_BIT_CONVERSION = YES;
				GCC_WARN_ABOUT_RETURN_TYPE = YES_ERROR;
				GCC_WARN_UNDECLARED_SELECTOR = YES;
				GCC_WARN_UNINITIALIZED_AUTOS = YES_AGGRESSIVE;
				GCC_WARN_UNUSED_FUNCTION = YES;
				GCC_WARN_UNUSED_VARIABLE = YES;
				IPHONEOS_DEPLOYMENT_TARGET = 14.1;
				MTL_ENABLE_DEBUG_INFO = NO;
				MTL_FAST_MATH = YES;
				SDKROOT = iphoneos;
				SWIFT_COMPILATION_MODE = wholemodule;
				SWIFT_OPTIMIZATION_LEVEL = "-O";
				VALIDATE_PRODUCT = YES;
			};
			name = Release;
		};
		5AD4F46625F34A7E00B500A9 /* Debug */ = {
			isa = XCBuildConfiguration;
			baseConfigurationReference = 5E98453662355195AEDAB5A6 /* Pods-PushySquares.debug.xcconfig */;
			buildSettings = {
				ALWAYS_EMBED_SWIFT_STANDARD_LIBRARIES = YES;
				ASSETCATALOG_COMPILER_APPICON_NAME = AppIcon;
				ASSETCATALOG_COMPILER_GLOBAL_ACCENT_COLOR_NAME = AccentColor;
				CODE_SIGN_STYLE = Automatic;
				DEVELOPMENT_TEAM = E9MW74DJ4Y;
				INFOPLIST_FILE = PushySquares/Info.plist;
				LD_RUNPATH_SEARCH_PATHS = (
					"$(inherited)",
					"@executable_path/Frameworks",
				);
				PRODUCT_BUNDLE_IDENTIFIER = io.github.sweeper777.PushySquares;
				PRODUCT_NAME = "$(TARGET_NAME)";
				SWIFT_VERSION = 5.0;
				TARGETED_DEVICE_FAMILY = "1,2";
			};
			name = Debug;
		};
		5AD4F46725F34A7E00B500A9 /* Release */ = {
			isa = XCBuildConfiguration;
			baseConfigurationReference = EEC2DE3B54C49071F7B6F460 /* Pods-PushySquares.release.xcconfig */;
			buildSettings = {
				ALWAYS_EMBED_SWIFT_STANDARD_LIBRARIES = YES;
				ASSETCATALOG_COMPILER_APPICON_NAME = AppIcon;
				ASSETCATALOG_COMPILER_GLOBAL_ACCENT_COLOR_NAME = AccentColor;
				CODE_SIGN_STYLE = Automatic;
				DEVELOPMENT_TEAM = E9MW74DJ4Y;
				INFOPLIST_FILE = PushySquares/Info.plist;
				LD_RUNPATH_SEARCH_PATHS = (
					"$(inherited)",
					"@executable_path/Frameworks",
				);
				PRODUCT_BUNDLE_IDENTIFIER = io.github.sweeper777.PushySquares;
				PRODUCT_NAME = "$(TARGET_NAME)";
				SWIFT_VERSION = 5.0;
				TARGETED_DEVICE_FAMILY = "1,2";
			};
			name = Release;
		};
		5AD4F46C25F34A7E00B500A9 /* Debug */ = {
			isa = XCBuildConfiguration;
			baseConfigurationReference = 7EB7831B7E4E3163D061FF68 /* Pods-PushySquares-PushySquaresUITests.debug.xcconfig */;
			buildSettings = {
				ALWAYS_EMBED_SWIFT_STANDARD_LIBRARIES = YES;
				CODE_SIGN_STYLE = Automatic;
				DEVELOPMENT_TEAM = E9MW74DJ4Y;
				INFOPLIST_FILE = PushySquaresUITests/Info.plist;
				LD_RUNPATH_SEARCH_PATHS = (
					"$(inherited)",
					"@executable_path/Frameworks",
					"@loader_path/Frameworks",
				);
				PRODUCT_BUNDLE_IDENTIFIER = io.github.sweeper777.PushySquaresUITests;
				PRODUCT_NAME = "$(TARGET_NAME)";
				SWIFT_VERSION = 5.0;
				TARGETED_DEVICE_FAMILY = "1,2";
				TEST_TARGET_NAME = PushySquares;
			};
			name = Debug;
		};
		5AD4F46D25F34A7E00B500A9 /* Release */ = {
			isa = XCBuildConfiguration;
			baseConfigurationReference = AD3BB5BA3CF4E25AEC8A0B8D /* Pods-PushySquares-PushySquaresUITests.release.xcconfig */;
			buildSettings = {
				ALWAYS_EMBED_SWIFT_STANDARD_LIBRARIES = YES;
				CODE_SIGN_STYLE = Automatic;
				DEVELOPMENT_TEAM = E9MW74DJ4Y;
				INFOPLIST_FILE = PushySquaresUITests/Info.plist;
				LD_RUNPATH_SEARCH_PATHS = (
					"$(inherited)",
					"@executable_path/Frameworks",
					"@loader_path/Frameworks",
				);
				PRODUCT_BUNDLE_IDENTIFIER = io.github.sweeper777.PushySquaresUITests;
				PRODUCT_NAME = "$(TARGET_NAME)";
				SWIFT_VERSION = 5.0;
				TARGETED_DEVICE_FAMILY = "1,2";
				TEST_TARGET_NAME = PushySquares;
			};
			name = Release;
		};
/* End XCBuildConfiguration section */

/* Begin XCConfigurationList section */
		5A609AD725F46F8B00AAB972 /* Build configuration list for PBXNativeTarget "PushySquaresModel" */ = {
			isa = XCConfigurationList;
			buildConfigurations = (
				5A609AD325F46F8B00AAB972 /* Debug */,
				5A609AD425F46F8B00AAB972 /* Release */,
			);
			defaultConfigurationIsVisible = 0;
			defaultConfigurationName = Release;
		};
		5A609AD825F46F8B00AAB972 /* Build configuration list for PBXNativeTarget "PushySquaresModelTests" */ = {
			isa = XCConfigurationList;
			buildConfigurations = (
				5A609AD525F46F8B00AAB972 /* Debug */,
				5A609AD625F46F8B00AAB972 /* Release */,
			);
			defaultConfigurationIsVisible = 0;
			defaultConfigurationName = Release;
		};
		5AD4F43625F34A7B00B500A9 /* Build configuration list for PBXProject "PushySquares" */ = {
			isa = XCConfigurationList;
			buildConfigurations = (
				5AD4F46325F34A7E00B500A9 /* Debug */,
				5AD4F46425F34A7E00B500A9 /* Release */,
			);
			defaultConfigurationIsVisible = 0;
			defaultConfigurationName = Release;
		};
		5AD4F46525F34A7E00B500A9 /* Build configuration list for PBXNativeTarget "PushySquares" */ = {
			isa = XCConfigurationList;
			buildConfigurations = (
				5AD4F46625F34A7E00B500A9 /* Debug */,
				5AD4F46725F34A7E00B500A9 /* Release */,
			);
			defaultConfigurationIsVisible = 0;
			defaultConfigurationName = Release;
		};
		5AD4F46B25F34A7E00B500A9 /* Build configuration list for PBXNativeTarget "PushySquaresUITests" */ = {
			isa = XCConfigurationList;
			buildConfigurations = (
				5AD4F46C25F34A7E00B500A9 /* Debug */,
				5AD4F46D25F34A7E00B500A9 /* Release */,
			);
			defaultConfigurationIsVisible = 0;
			defaultConfigurationName = Release;
		};
/* End XCConfigurationList section */
	};
	rootObject = 5AD4F43325F34A7B00B500A9 /* Project object */;
}
